
Microsoft Visual Studio Solution File, Format Version 12.00
# Visual Studio 15
VisualStudioVersion = 15.0.26730.12
MinimumVisualStudioVersion = 10.0.40219.1
Project("{FAE04EC0-301F-11D3-BF4B-00C04F79EFBC}") = "Practica4.Android", "Practica4\Practica4.Android\Practica4.Android.csproj", "{E270CAEC-DECE-416C-9299-603CA32C3179}"
EndProject
Project("{FAE04EC0-301F-11D3-BF4B-00C04F79EFBC}") = "Practica4", "Practica4\Practica4\Practica4.csproj", "{68C274A9-89B0-44A1-A6D4-3176AE59A94F}"
EndProject
Project("{FAE04EC0-301F-11D3-BF4B-00C04F79EFBC}") = "Practica4.UWP", "Practica4\Practica4.UWP\Practica4.UWP.csproj", "{F638D034-B732-4712-AA1E-E357ABBF72BB}"
EndProject
Project("{FAE04EC0-301F-11D3-BF4B-00C04F79EFBC}") = "Practica4.iOS", "Practica4\Practica4.iOS\Practica4.iOS.csproj", "{D0CD2CBA-1449-48C8-A5F0-48FD78891C3A}"
EndProject
Global
	GlobalSection(SolutionConfigurationPlatforms) = preSolution
		Ad-Hoc|Any CPU = Ad-Hoc|Any CPU
		Ad-Hoc|ARM = Ad-Hoc|ARM
		Ad-Hoc|iPhone = Ad-Hoc|iPhone
		Ad-Hoc|iPhoneSimulator = Ad-Hoc|iPhoneSimulator
		Ad-Hoc|x64 = Ad-Hoc|x64
		Ad-Hoc|x86 = Ad-Hoc|x86
		AppStore|Any CPU = AppStore|Any CPU
		AppStore|ARM = AppStore|ARM
		AppStore|iPhone = AppStore|iPhone
		AppStore|iPhoneSimulator = AppStore|iPhoneSimulator
		AppStore|x64 = AppStore|x64
		AppStore|x86 = AppStore|x86
		Debug|Any CPU = Debug|Any CPU
		Debug|ARM = Debug|ARM
		Debug|iPhone = Debug|iPhone
		Debug|iPhoneSimulator = Debug|iPhoneSimulator
		Debug|x64 = Debug|x64
		Debug|x86 = Debug|x86
		Release|Any CPU = Release|Any CPU
		Release|ARM = Release|ARM
		Release|iPhone = Release|iPhone
		Release|iPhoneSimulator = Release|iPhoneSimulator
		Release|x64 = Release|x64
		Release|x86 = Release|x86
	EndGlobalSection
	GlobalSection(ProjectConfigurationPlatforms) = postSolution
		{E270CAEC-DECE-416C-9299-603CA32C3179}.Ad-Hoc|Any CPU.ActiveCfg = Release|Any CPU
		{E270CAEC-DECE-416C-9299-603CA32C3179}.Ad-Hoc|Any CPU.Build.0 = Release|Any CPU
		{E270CAEC-DECE-416C-9299-603CA32C3179}.Ad-Hoc|Any CPU.Deploy.0 = Release|Any CPU
		{E270CAEC-DECE-416C-9299-603CA32C3179}.Ad-Hoc|ARM.ActiveCfg = Release|Any CPU
		{E270CAEC-DECE-416C-9299-603CA32C3179}.Ad-Hoc|ARM.Build.0 = Release|Any CPU
		{E270CAEC-DECE-416C-9299-603CA32C3179}.Ad-Hoc|ARM.Deploy.0 = Release|Any CPU
		{E270CAEC-DECE-416C-9299-603CA32C3179}.Ad-Hoc|iPhone.ActiveCfg = Release|Any CPU
		{E270CAEC-DECE-416C-9299-603CA32C3179}.Ad-Hoc|iPhone.Build.0 = Release|Any CPU
		{E270CAEC-DECE-416C-9299-603CA32C3179}.Ad-Hoc|iPhone.Deploy.0 = Release|Any CPU
		{E270CAEC-DECE-416C-9299-603CA32C3179}.Ad-Hoc|iPhoneSimulator.ActiveCfg = Release|Any CPU
		{E270CAEC-DECE-416C-9299-603CA32C3179}.Ad-Hoc|iPhoneSimulator.Build.0 = Release|Any CPU
		{E270CAEC-DECE-416C-9299-603CA32C3179}.Ad-Hoc|iPhoneSimulator.Deploy.0 = Release|Any CPU
		{E270CAEC-DECE-416C-9299-603CA32C3179}.Ad-Hoc|x64.ActiveCfg = Release|Any CPU
		{E270CAEC-DECE-416C-9299-603CA32C3179}.Ad-Hoc|x64.Build.0 = Release|Any CPU
		{E270CAEC-DECE-416C-9299-603CA32C3179}.Ad-Hoc|x64.Deploy.0 = Release|Any CPU
		{E270CAEC-DECE-416C-9299-603CA32C3179}.Ad-Hoc|x86.ActiveCfg = Release|Any CPU
		{E270CAEC-DECE-416C-9299-603CA32C3179}.Ad-Hoc|x86.Build.0 = Release|Any CPU
		{E270CAEC-DECE-416C-9299-603CA32C3179}.Ad-Hoc|x86.Deploy.0 = Release|Any CPU
		{E270CAEC-DECE-416C-9299-603CA32C3179}.AppStore|Any CPU.ActiveCfg = Release|Any CPU
		{E270CAEC-DECE-416C-9299-603CA32C3179}.AppStore|Any CPU.Build.0 = Release|Any CPU
		{E270CAEC-DECE-416C-9299-603CA32C3179}.AppStore|Any CPU.Deploy.0 = Release|Any CPU
		{E270CAEC-DECE-416C-9299-603CA32C3179}.AppStore|ARM.ActiveCfg = Release|Any CPU
		{E270CAEC-DECE-416C-9299-603CA32C3179}.AppStore|ARM.Build.0 = Release|Any CPU
		{E270CAEC-DECE-416C-9299-603CA32C3179}.AppStore|ARM.Deploy.0 = Release|Any CPU
		{E270CAEC-DECE-416C-9299-603CA32C3179}.AppStore|iPhone.ActiveCfg = Release|Any CPU
		{E270CAEC-DECE-416C-9299-603CA32C3179}.AppStore|iPhone.Build.0 = Release|Any CPU
		{E270CAEC-DECE-416C-9299-603CA32C3179}.AppStore|iPhone.Deploy.0 = Release|Any CPU
		{E270CAEC-DECE-416C-9299-603CA32C3179}.AppStore|iPhoneSimulator.ActiveCfg = Release|Any CPU
		{E270CAEC-DECE-416C-9299-603CA32C3179}.AppStore|iPhoneSimulator.Build.0 = Release|Any CPU
		{E270CAEC-DECE-416C-9299-603CA32C3179}.AppStore|iPhoneSimulator.Deploy.0 = Release|Any CPU
		{E270CAEC-DECE-416C-9299-603CA32C3179}.AppStore|x64.ActiveCfg = Release|Any CPU
		{E270CAEC-DECE-416C-9299-603CA32C3179}.AppStore|x64.Build.0 = Release|Any CPU
		{E270CAEC-DECE-416C-9299-603CA32C3179}.AppStore|x64.Deploy.0 = Release|Any CPU
		{E270CAEC-DECE-416C-9299-603CA32C3179}.AppStore|x86.ActiveCfg = Release|Any CPU
		{E270CAEC-DECE-416C-9299-603CA32C3179}.AppStore|x86.Build.0 = Release|Any CPU
		{E270CAEC-DECE-416C-9299-603CA32C3179}.AppStore|x86.Deploy.0 = Release|Any CPU
		{E270CAEC-DECE-416C-9299-603CA32C3179}.Debug|Any CPU.ActiveCfg = Debug|Any CPU
		{E270CAEC-DECE-416C-9299-603CA32C3179}.Debug|Any CPU.Build.0 = Debug|Any CPU
		{E270CAEC-DECE-416C-9299-603CA32C3179}.Debug|Any CPU.Deploy.0 = Debug|Any CPU
		{E270CAEC-DECE-416C-9299-603CA32C3179}.Debug|ARM.ActiveCfg = Debug|Any CPU
		{E270CAEC-DECE-416C-9299-603CA32C3179}.Debug|ARM.Build.0 = Debug|Any CPU
		{E270CAEC-DECE-416C-9299-603CA32C3179}.Debug|ARM.Deploy.0 = Debug|Any CPU
		{E270CAEC-DECE-416C-9299-603CA32C3179}.Debug|iPhone.ActiveCfg = Debug|Any CPU
		{E270CAEC-DECE-416C-9299-603CA32C3179}.Debug|iPhone.Build.0 = Debug|Any CPU
		{E270CAEC-DECE-416C-9299-603CA32C3179}.Debug|iPhone.Deploy.0 = Debug|Any CPU
		{E270CAEC-DECE-416C-9299-603CA32C3179}.Debug|iPhoneSimulator.ActiveCfg = Debug|Any CPU
		{E270CAEC-DECE-416C-9299-603CA32C3179}.Debug|iPhoneSimulator.Build.0 = Debug|Any CPU
		{E270CAEC-DECE-416C-9299-603CA32C3179}.Debug|iPhoneSimulator.Deploy.0 = Debug|Any CPU
		{E270CAEC-DECE-416C-9299-603CA32C3179}.Debug|x64.ActiveCfg = Debug|Any CPU
		{E270CAEC-DECE-416C-9299-603CA32C3179}.Debug|x64.Build.0 = Debug|Any CPU
		{E270CAEC-DECE-416C-9299-603CA32C3179}.Debug|x64.Deploy.0 = Debug|Any CPU
		{E270CAEC-DECE-416C-9299-603CA32C3179}.Debug|x86.ActiveCfg = Debug|Any CPU
		{E270CAEC-DECE-416C-9299-603CA32C3179}.Debug|x86.Build.0 = Debug|Any CPU
		{E270CAEC-DECE-416C-9299-603CA32C3179}.Debug|x86.Deploy.0 = Debug|Any CPU
		{E270CAEC-DECE-416C-9299-603CA32C3179}.Release|Any CPU.ActiveCfg = Release|Any CPU
		{E270CAEC-DECE-416C-9299-603CA32C3179}.Release|Any CPU.Build.0 = Release|Any CPU
		{E270CAEC-DECE-416C-9299-603CA32C3179}.Release|Any CPU.Deploy.0 = Release|Any CPU
		{E270CAEC-DECE-416C-9299-603CA32C3179}.Release|ARM.ActiveCfg = Release|Any CPU
		{E270CAEC-DECE-416C-9299-603CA32C3179}.Release|ARM.Build.0 = Release|Any CPU
		{E270CAEC-DECE-416C-9299-603CA32C3179}.Release|ARM.Deploy.0 = Release|Any CPU
		{E270CAEC-DECE-416C-9299-603CA32C3179}.Release|iPhone.ActiveCfg = Release|Any CPU
		{E270CAEC-DECE-416C-9299-603CA32C3179}.Release|iPhone.Build.0 = Release|Any CPU
		{E270CAEC-DECE-416C-9299-603CA32C3179}.Release|iPhone.Deploy.0 = Release|Any CPU
		{E270CAEC-DECE-416C-9299-603CA32C3179}.Release|iPhoneSimulator.ActiveCfg = Release|Any CPU
		{E270CAEC-DECE-416C-9299-603CA32C3179}.Release|iPhoneSimulator.Build.0 = Release|Any CPU
		{E270CAEC-DECE-416C-9299-603CA32C3179}.Release|iPhoneSimulator.Deploy.0 = Release|Any CPU
		{E270CAEC-DECE-416C-9299-603CA32C3179}.Release|x64.ActiveCfg = Release|Any CPU
		{E270CAEC-DECE-416C-9299-603CA32C3179}.Release|x64.Build.0 = Release|Any CPU
		{E270CAEC-DECE-416C-9299-603CA32C3179}.Release|x64.Deploy.0 = Release|Any CPU
		{E270CAEC-DECE-416C-9299-603CA32C3179}.Release|x86.ActiveCfg = Release|Any CPU
		{E270CAEC-DECE-416C-9299-603CA32C3179}.Release|x86.Build.0 = Release|Any CPU
		{E270CAEC-DECE-416C-9299-603CA32C3179}.Release|x86.Deploy.0 = Release|Any CPU
		{68C274A9-89B0-44A1-A6D4-3176AE59A94F}.Ad-Hoc|Any CPU.ActiveCfg = Release|Any CPU
		{68C274A9-89B0-44A1-A6D4-3176AE59A94F}.Ad-Hoc|Any CPU.Build.0 = Release|Any CPU
		{68C274A9-89B0-44A1-A6D4-3176AE59A94F}.Ad-Hoc|ARM.ActiveCfg = Release|Any CPU
		{68C274A9-89B0-44A1-A6D4-3176AE59A94F}.Ad-Hoc|ARM.Build.0 = Release|Any CPU
		{68C274A9-89B0-44A1-A6D4-3176AE59A94F}.Ad-Hoc|iPhone.ActiveCfg = Release|Any CPU
		{68C274A9-89B0-44A1-A6D4-3176AE59A94F}.Ad-Hoc|iPhone.Build.0 = Release|Any CPU
		{68C274A9-89B0-44A1-A6D4-3176AE59A94F}.Ad-Hoc|iPhoneSimulator.ActiveCfg = Release|Any CPU
		{68C274A9-89B0-44A1-A6D4-3176AE59A94F}.Ad-Hoc|iPhoneSimulator.Build.0 = Release|Any CPU
		{68C274A9-89B0-44A1-A6D4-3176AE59A94F}.Ad-Hoc|x64.ActiveCfg = Release|Any CPU
		{68C274A9-89B0-44A1-A6D4-3176AE59A94F}.Ad-Hoc|x64.Build.0 = Release|Any CPU
		{68C274A9-89B0-44A1-A6D4-3176AE59A94F}.Ad-Hoc|x86.ActiveCfg = Release|Any CPU
		{68C274A9-89B0-44A1-A6D4-3176AE59A94F}.Ad-Hoc|x86.Build.0 = Release|Any CPU
		{68C274A9-89B0-44A1-A6D4-3176AE59A94F}.AppStore|Any CPU.ActiveCfg = Release|Any CPU
		{68C274A9-89B0-44A1-A6D4-3176AE59A94F}.AppStore|Any CPU.Build.0 = Release|Any CPU
		{68C274A9-89B0-44A1-A6D4-3176AE59A94F}.AppStore|ARM.ActiveCfg = Release|Any CPU
		{68C274A9-89B0-44A1-A6D4-3176AE59A94F}.AppStore|ARM.Build.0 = Release|Any CPU
		{68C274A9-89B0-44A1-A6D4-3176AE59A94F}.AppStore|iPhone.ActiveCfg = Release|Any CPU
		{68C274A9-89B0-44A1-A6D4-3176AE59A94F}.AppStore|iPhone.Build.0 = Release|Any CPU
		{68C274A9-89B0-44A1-A6D4-3176AE59A94F}.AppStore|iPhoneSimulator.ActiveCfg = Release|Any CPU
		{68C274A9-89B0-44A1-A6D4-3176AE59A94F}.AppStore|iPhoneSimulator.Build.0 = Release|Any CPU
		{68C274A9-89B0-44A1-A6D4-3176AE59A94F}.AppStore|x64.ActiveCfg = Release|Any CPU
		{68C274A9-89B0-44A1-A6D4-3176AE59A94F}.AppStore|x64.Build.0 = Release|Any CPU
		{68C274A9-89B0-44A1-A6D4-3176AE59A94F}.AppStore|x86.ActiveCfg = Release|Any CPU
		{68C274A9-89B0-44A1-A6D4-3176AE59A94F}.AppStore|x86.Build.0 = Release|Any CPU
		{68C274A9-89B0-44A1-A6D4-3176AE59A94F}.Debug|Any CPU.ActiveCfg = Debug|Any CPU
		{68C274A9-89B0-44A1-A6D4-3176AE59A94F}.Debug|Any CPU.Build.0 = Debug|Any CPU
		{68C274A9-89B0-44A1-A6D4-3176AE59A94F}.Debug|ARM.ActiveCfg = Debug|Any CPU
		{68C274A9-89B0-44A1-A6D4-3176AE59A94F}.Debug|ARM.Build.0 = Debug|Any CPU
		{68C274A9-89B0-44A1-A6D4-3176AE59A94F}.Debug|iPhone.ActiveCfg = Debug|Any CPU
		{68C274A9-89B0-44A1-A6D4-3176AE59A94F}.Debug|iPhone.Build.0 = Debug|Any CPU
		{68C274A9-89B0-44A1-A6D4-3176AE59A94F}.Debug|iPhoneSimulator.ActiveCfg = Debug|Any CPU
		{68C274A9-89B0-44A1-A6D4-3176AE59A94F}.Debug|iPhoneSimulator.Build.0 = Debug|Any CPU
		{68C274A9-89B0-44A1-A6D4-3176AE59A94F}.Debug|x64.ActiveCfg = Debug|Any CPU
		{68C274A9-89B0-44A1-A6D4-3176AE59A94F}.Debug|x64.Build.0 = Debug|Any CPU
		{68C274A9-89B0-44A1-A6D4-3176AE59A94F}.Debug|x86.ActiveCfg = Debug|Any CPU
		{68C274A9-89B0-44A1-A6D4-3176AE59A94F}.Debug|x86.Build.0 = Debug|Any CPU
		{68C274A9-89B0-44A1-A6D4-3176AE59A94F}.Release|Any CPU.ActiveCfg = Release|Any CPU
		{68C274A9-89B0-44A1-A6D4-3176AE59A94F}.Release|Any CPU.Build.0 = Release|Any CPU
		{68C274A9-89B0-44A1-A6D4-3176AE59A94F}.Release|ARM.ActiveCfg = Release|Any CPU
		{68C274A9-89B0-44A1-A6D4-3176AE59A94F}.Release|ARM.Build.0 = Release|Any CPU
		{68C274A9-89B0-44A1-A6D4-3176AE59A94F}.Release|iPhone.ActiveCfg = Release|Any CPU
		{68C274A9-89B0-44A1-A6D4-3176AE59A94F}.Release|iPhone.Build.0 = Release|Any CPU
		{68C274A9-89B0-44A1-A6D4-3176AE59A94F}.Release|iPhoneSimulator.ActiveCfg = Release|Any CPU
		{68C274A9-89B0-44A1-A6D4-3176AE59A94F}.Release|iPhoneSimulator.Build.0 = Release|Any CPU
		{68C274A9-89B0-44A1-A6D4-3176AE59A94F}.Release|x64.ActiveCfg = Release|Any CPU
		{68C274A9-89B0-44A1-A6D4-3176AE59A94F}.Release|x64.Build.0 = Release|Any CPU
		{68C274A9-89B0-44A1-A6D4-3176AE59A94F}.Release|x86.ActiveCfg = Release|Any CPU
		{68C274A9-89B0-44A1-A6D4-3176AE59A94F}.Release|x86.Build.0 = Release|Any CPU
		{F638D034-B732-4712-AA1E-E357ABBF72BB}.Ad-Hoc|Any CPU.ActiveCfg = Release|x86
		{F638D034-B732-4712-AA1E-E357ABBF72BB}.Ad-Hoc|Any CPU.Build.0 = Release|x86
		{F638D034-B732-4712-AA1E-E357ABBF72BB}.Ad-Hoc|Any CPU.Deploy.0 = Release|x86
		{F638D034-B732-4712-AA1E-E357ABBF72BB}.Ad-Hoc|ARM.ActiveCfg = Release|ARM
		{F638D034-B732-4712-AA1E-E357ABBF72BB}.Ad-Hoc|ARM.Build.0 = Release|ARM
		{F638D034-B732-4712-AA1E-E357ABBF72BB}.Ad-Hoc|ARM.Deploy.0 = Release|ARM
		{F638D034-B732-4712-AA1E-E357ABBF72BB}.Ad-Hoc|iPhone.ActiveCfg = Release|x86
		{F638D034-B732-4712-AA1E-E357ABBF72BB}.Ad-Hoc|iPhone.Build.0 = Release|x86
		{F638D034-B732-4712-AA1E-E357ABBF72BB}.Ad-Hoc|iPhone.Deploy.0 = Release|x86
		{F638D034-B732-4712-AA1E-E357ABBF72BB}.Ad-Hoc|iPhoneSimulator.ActiveCfg = Release|x86
		{F638D034-B732-4712-AA1E-E357ABBF72BB}.Ad-Hoc|iPhoneSimulator.Build.0 = Release|x86
		{F638D034-B732-4712-AA1E-E357ABBF72BB}.Ad-Hoc|iPhoneSimulator.Deploy.0 = Release|x86
		{F638D034-B732-4712-AA1E-E357ABBF72BB}.Ad-Hoc|x64.ActiveCfg = Release|x64
		{F638D034-B732-4712-AA1E-E357ABBF72BB}.Ad-Hoc|x64.Build.0 = Release|x64
		{F638D034-B732-4712-AA1E-E357ABBF72BB}.Ad-Hoc|x64.Deploy.0 = Release|x64
		{F638D034-B732-4712-AA1E-E357ABBF72BB}.Ad-Hoc|x86.ActiveCfg = Release|x86
		{F638D034-B732-4712-AA1E-E357ABBF72BB}.Ad-Hoc|x86.Build.0 = Release|x86
		{F638D034-B732-4712-AA1E-E357ABBF72BB}.Ad-Hoc|x86.Deploy.0 = Release|x86
		{F638D034-B732-4712-AA1E-E357ABBF72BB}.AppStore|Any CPU.ActiveCfg = Release|x86
		{F638D034-B732-4712-AA1E-E357ABBF72BB}.AppStore|Any CPU.Build.0 = Release|x86
		{F638D034-B732-4712-AA1E-E357ABBF72BB}.AppStore|Any CPU.Deploy.0 = Release|x86
		{F638D034-B732-4712-AA1E-E357ABBF72BB}.AppStore|ARM.ActiveCfg = Release|ARM
		{F638D034-B732-4712-AA1E-E357ABBF72BB}.AppStore|ARM.Build.0 = Release|ARM
		{F638D034-B732-4712-AA1E-E357ABBF72BB}.AppStore|ARM.Deploy.0 = Release|ARM
		{F638D034-B732-4712-AA1E-E357ABBF72BB}.AppStore|iPhone.ActiveCfg = Release|x86
		{F638D034-B732-4712-AA1E-E357ABBF72BB}.AppStore|iPhone.Build.0 = Release|x86
		{F638D034-B732-4712-AA1E-E357ABBF72BB}.AppStore|iPhone.Deploy.0 = Release|x86
		{F638D034-B732-4712-AA1E-E357ABBF72BB}.AppStore|iPhoneSimulator.ActiveCfg = Release|x86
		{F638D034-B732-4712-AA1E-E357ABBF72BB}.AppStore|iPhoneSimulator.Build.0 = Release|x86
		{F638D034-B732-4712-AA1E-E357ABBF72BB}.AppStore|iPhoneSimulator.Deploy.0 = Release|x86
		{F638D034-B732-4712-AA1E-E357ABBF72BB}.AppStore|x64.ActiveCfg = Release|x64
		{F638D034-B732-4712-AA1E-E357ABBF72BB}.AppStore|x64.Build.0 = Release|x64
		{F638D034-B732-4712-AA1E-E357ABBF72BB}.AppStore|x64.Deploy.0 = Release|x64
		{F638D034-B732-4712-AA1E-E357ABBF72BB}.AppStore|x86.ActiveCfg = Release|x86
		{F638D034-B732-4712-AA1E-E357ABBF72BB}.AppStore|x86.Build.0 = Release|x86
		{F638D034-B732-4712-AA1E-E357ABBF72BB}.AppStore|x86.Deploy.0 = Release|x86
		{F638D034-B732-4712-AA1E-E357ABBF72BB}.Debug|Any CPU.ActiveCfg = Debug|x86
		{F638D034-B732-4712-AA1E-E357ABBF72BB}.Debug|ARM.ActiveCfg = Debug|ARM
		{F638D034-B732-4712-AA1E-E357ABBF72BB}.Debug|ARM.Build.0 = Debug|ARM
		{F638D034-B732-4712-AA1E-E357ABBF72BB}.Debug|ARM.Deploy.0 = Debug|ARM
		{F638D034-B732-4712-AA1E-E357ABBF72BB}.Debug|iPhone.ActiveCfg = Debug|x86
		{F638D034-B732-4712-AA1E-E357ABBF72BB}.Debug|iPhoneSimulator.ActiveCfg = Debug|x86
		{F638D034-B732-4712-AA1E-E357ABBF72BB}.Debug|x64.ActiveCfg = Debug|x64
		{F638D034-B732-4712-AA1E-E357ABBF72BB}.Debug|x64.Build.0 = Debug|x64
		{F638D034-B732-4712-AA1E-E357ABBF72BB}.Debug|x64.Deploy.0 = Debug|x64
		{F638D034-B732-4712-AA1E-E357ABBF72BB}.Debug|x86.ActiveCfg = Debug|x86
		{F638D034-B732-4712-AA1E-E357ABBF72BB}.Debug|x86.Build.0 = Debug|x86
		{F638D034-B732-4712-AA1E-E357ABBF72BB}.Debug|x86.Deploy.0 = Debug|x86
		{F638D034-B732-4712-AA1E-E357ABBF72BB}.Release|Any CPU.ActiveCfg = Release|x86
		{F638D034-B732-4712-AA1E-E357ABBF72BB}.Release|ARM.ActiveCfg = Release|ARM
		{F638D034-B732-4712-AA1E-E357ABBF72BB}.Release|ARM.Build.0 = Release|ARM
		{F638D034-B732-4712-AA1E-E357ABBF72BB}.Release|ARM.Deploy.0 = Release|ARM
		{F638D034-B732-4712-AA1E-E357ABBF72BB}.Release|iPhone.ActiveCfg = Release|x86
		{F638D034-B732-4712-AA1E-E357ABBF72BB}.Release|iPhoneSimulator.ActiveCfg = Release|x86
		{F638D034-B732-4712-AA1E-E357ABBF72BB}.Release|x64.ActiveCfg = Release|x64
		{F638D034-B732-4712-AA1E-E357ABBF72BB}.Release|x64.Build.0 = Release|x64
		{F638D034-B732-4712-AA1E-E357ABBF72BB}.Release|x64.Deploy.0 = Release|x64
		{F638D034-B732-4712-AA1E-E357ABBF72BB}.Release|x86.ActiveCfg = Release|x86
		{F638D034-B732-4712-AA1E-E357ABBF72BB}.Release|x86.Build.0 = Release|x86
		{F638D034-B732-4712-AA1E-E357ABBF72BB}.Release|x86.Deploy.0 = Release|x86
		{D0CD2CBA-1449-48C8-A5F0-48FD78891C3A}.Ad-Hoc|Any CPU.ActiveCfg = Ad-Hoc|iPhone
		{D0CD2CBA-1449-48C8-A5F0-48FD78891C3A}.Ad-Hoc|ARM.ActiveCfg = Ad-Hoc|iPhone
		{D0CD2CBA-1449-48C8-A5F0-48FD78891C3A}.Ad-Hoc|iPhone.ActiveCfg = Ad-Hoc|iPhone
		{D0CD2CBA-1449-48C8-A5F0-48FD78891C3A}.Ad-Hoc|iPhone.Build.0 = Ad-Hoc|iPhone
		{D0CD2CBA-1449-48C8-A5F0-48FD78891C3A}.Ad-Hoc|iPhoneSimulator.ActiveCfg = Ad-Hoc|iPhoneSimulator
		{D0CD2CBA-1449-48C8-A5F0-48FD78891C3A}.Ad-Hoc|iPhoneSimulator.Build.0 = Ad-Hoc|iPhoneSimulator
		{D0CD2CBA-1449-48C8-A5F0-48FD78891C3A}.Ad-Hoc|x64.ActiveCfg = Ad-Hoc|iPhone
		{D0CD2CBA-1449-48C8-A5F0-48FD78891C3A}.Ad-Hoc|x86.ActiveCfg = Ad-Hoc|iPhone
		{D0CD2CBA-1449-48C8-A5F0-48FD78891C3A}.AppStore|Any CPU.ActiveCfg = AppStore|iPhone
		{D0CD2CBA-1449-48C8-A5F0-48FD78891C3A}.AppStore|ARM.ActiveCfg = AppStore|iPhone
		{D0CD2CBA-1449-48C8-A5F0-48FD78891C3A}.AppStore|iPhone.ActiveCfg = AppStore|iPhone
		{D0CD2CBA-1449-48C8-A5F0-48FD78891C3A}.AppStore|iPhone.Build.0 = AppStore|iPhone
		{D0CD2CBA-1449-48C8-A5F0-48FD78891C3A}.AppStore|iPhoneSimulator.ActiveCfg = AppStore|iPhoneSimulator
		{D0CD2CBA-1449-48C8-A5F0-48FD78891C3A}.AppStore|iPhoneSimulator.Build.0 = AppStore|iPhoneSimulator
		{D0CD2CBA-1449-48C8-A5F0-48FD78891C3A}.AppStore|x64.ActiveCfg = AppStore|iPhone
		{D0CD2CBA-1449-48C8-A5F0-48FD78891C3A}.AppStore|x86.ActiveCfg = AppStore|iPhone
		{D0CD2CBA-1449-48C8-A5F0-48FD78891C3A}.Debug|Any CPU.ActiveCfg = Debug|iPhone
		{D0CD2CBA-1449-48C8-A5F0-48FD78891C3A}.Debug|ARM.ActiveCfg = Debug|iPhone
		{D0CD2CBA-1449-48C8-A5F0-48FD78891C3A}.Debug|iPhone.ActiveCfg = Debug|iPhone
		{D0CD2CBA-1449-48C8-A5F0-48FD78891C3A}.Debug|iPhone.Build.0 = Debug|iPhone
		{D0CD2CBA-1449-48C8-A5F0-48FD78891C3A}.Debug|iPhoneSimulator.ActiveCfg = Debug|iPhoneSimulator
		{D0CD2CBA-1449-48C8-A5F0-48FD78891C3A}.Debug|iPhoneSimulator.Build.0 = Debug|iPhoneSimulator
		{D0CD2CBA-1449-48C8-A5F0-48FD78891C3A}.Debug|x64.ActiveCfg = Debug|iPhone
		{D0CD2CBA-1449-48C8-A5F0-48FD78891C3A}.Debug|x86.ActiveCfg = Debug|iPhone
		{D0CD2CBA-1449-48C8-A5F0-48FD78891C3A}.Release|Any CPU.ActiveCfg = Release|iPhone
		{D0CD2CBA-1449-48C8-A5F0-48FD78891C3A}.Release|ARM.ActiveCfg = Release|iPhone
		{D0CD2CBA-1449-48C8-A5F0-48FD78891C3A}.Release|iPhone.ActiveCfg = Release|iPhone
		{D0CD2CBA-1449-48C8-A5F0-48FD78891C3A}.Release|iPhone.Build.0 = Release|iPhone
		{D0CD2CBA-1449-48C8-A5F0-48FD78891C3A}.Release|iPhoneSimulator.ActiveCfg = Release|iPhoneSimulator
		{D0CD2CBA-1449-48C8-A5F0-48FD78891C3A}.Release|iPhoneSimulator.Build.0 = Release|iPhoneSimulator
		{D0CD2CBA-1449-48C8-A5F0-48FD78891C3A}.Release|x64.ActiveCfg = Release|iPhone
		{D0CD2CBA-1449-48C8-A5F0-48FD78891C3A}.Release|x86.ActiveCfg = Release|iPhone
	EndGlobalSection
	GlobalSection(SolutionProperties) = preSolution
		HideSolutionNode = FALSE
	EndGlobalSection
	GlobalSection(ExtensibilityGlobals) = postSolution
		SolutionGuid = {1679C9FB-8825-4C7C-A643-6E35EBEC1479}
	EndGlobalSection
EndGlobal
